// !$*UTF8*$!
{
	archiveVersion = 1;
	classes = {
	};
	objectVersion = 50;
	objects = {

/* Begin PBXBuildFile section */
		2E25256122384E4300BBC045 /* Search.swift in Sources */ = {isa = PBXBuildFile; fileRef = 2E25256022384E4300BBC045 /* Search.swift */; };
		2E2525632238508400BBC045 /* Sortings.swift in Sources */ = {isa = PBXBuildFile; fileRef = 2E2525622238508400BBC045 /* Sortings.swift */; };
		2E9B782E223C469400BD2CAF /* Loto.swift in Sources */ = {isa = PBXBuildFile; fileRef = 2E9B782D223C469400BD2CAF /* Loto.swift */; };
		2E9B7830223C5C3600BD2CAF /* RemoteControl.swift in Sources */ = {isa = PBXBuildFile; fileRef = 2E9B782F223C5C3600BD2CAF /* RemoteControl.swift */; };
		2EBD44F12240857C0024F301 /* Board.swift in Sources */ = {isa = PBXBuildFile; fileRef = 2EBD44F02240857C0024F301 /* Board.swift */; };
		2EBD44F3224086820024F301 /* QueensSolver.swift in Sources */ = {isa = PBXBuildFile; fileRef = 2EBD44F2224086820024F301 /* QueensSolver.swift */; };
		2EEA40442236F9E70067DD5C /* Evaluate.swift in Sources */ = {isa = PBXBuildFile; fileRef = 2EEA40432236F9E70067DD5C /* Evaluate.swift */; };
		2EEA40462236FF5B0067DD5C /* String+DPStringTool.swift in Sources */ = {isa = PBXBuildFile; fileRef = 2EEA40452236FF5B0067DD5C /* String+DPStringTool.swift */; };
		2EEA4048223700340067DD5C /* ExhaustiveSearch.swift in Sources */ = {isa = PBXBuildFile; fileRef = 2EEA4047223700340067DD5C /* ExhaustiveSearch.swift */; };
		2EEA404A2237059B0067DD5C /* PrintDecimal.swift in Sources */ = {isa = PBXBuildFile; fileRef = 2EEA40492237059B0067DD5C /* PrintDecimal.swift */; };
		2EEA404C223707790067DD5C /* Permutation.swift in Sources */ = {isa = PBXBuildFile; fileRef = 2EEA404B223707790067DD5C /* Permutation.swift */; };
		2EEA404E22374CAC0067DD5C /* JustPrint.swift in Sources */ = {isa = PBXBuildFile; fileRef = 2EEA404D22374CAC0067DD5C /* JustPrint.swift */; };
		2EEB99EE22331C39005D6BEF /* main.swift in Sources */ = {isa = PBXBuildFile; fileRef = 2EEB99ED22331C39005D6BEF /* main.swift */; };
		2EEB99F522332FC7005D6BEF /* PrintBinary.swift in Sources */ = {isa = PBXBuildFile; fileRef = 2EEB99F422332FC7005D6BEF /* PrintBinary.swift */; };
		2EEB99F722333000005D6BEF /* IsPalindrome.swift in Sources */ = {isa = PBXBuildFile; fileRef = 2EEB99F622333000005D6BEF /* IsPalindrome.swift */; };
		2EEB99F92233301A005D6BEF /* Power.swift in Sources */ = {isa = PBXBuildFile; fileRef = 2EEB99F82233301A005D6BEF /* Power.swift */; };
		2EEB99FC223337FE005D6BEF /* ReverseLine.swift in Sources */ = {isa = PBXBuildFile; fileRef = 2EEB99FB223337FE005D6BEF /* ReverseLine.swift */; };
/* End PBXBuildFile section */

/* Begin PBXCopyFilesBuildPhase section */
		2EEB99E822331C39005D6BEF /* CopyFiles */ = {
			isa = PBXCopyFilesBuildPhase;
			buildActionMask = 2147483647;
			dstPath = /usr/share/man/man1/;
			dstSubfolderSpec = 0;
			files = (
			);
			runOnlyForDeploymentPostprocessing = 1;
		};
/* End PBXCopyFilesBuildPhase section */

/* Begin PBXFileReference section */
		2E25256022384E4300BBC045 /* Search.swift */ = {isa = PBXFileReference; lastKnownFileType = sourcecode.swift; path = Search.swift; sourceTree = "<group>"; };
		2E2525622238508400BBC045 /* Sortings.swift */ = {isa = PBXFileReference; lastKnownFileType = sourcecode.swift; path = Sortings.swift; sourceTree = "<group>"; };
		2E9B782D223C469400BD2CAF /* Loto.swift */ = {isa = PBXFileReference; lastKnownFileType = sourcecode.swift; path = Loto.swift; sourceTree = "<group>"; };
		2E9B782F223C5C3600BD2CAF /* RemoteControl.swift */ = {isa = PBXFileReference; lastKnownFileType = sourcecode.swift; path = RemoteControl.swift; sourceTree = "<group>"; };
		2EBD44F02240857C0024F301 /* Board.swift */ = {isa = PBXFileReference; fileEncoding = 4; lastKnownFileType = sourcecode.swift; path = Board.swift; sourceTree = "<group>"; };
		2EBD44F2224086820024F301 /* QueensSolver.swift */ = {isa = PBXFileReference; fileEncoding = 4; lastKnownFileType = sourcecode.swift; path = QueensSolver.swift; sourceTree = "<group>"; };
		2EEA40432236F9E70067DD5C /* Evaluate.swift */ = {isa = PBXFileReference; lastKnownFileType = sourcecode.swift; path = Evaluate.swift; sourceTree = "<group>"; };
		2EEA40452236FF5B0067DD5C /* String+DPStringTool.swift */ = {isa = PBXFileReference; lastKnownFileType = sourcecode.swift; path = "String+DPStringTool.swift"; sourceTree = "<group>"; };
		2EEA4047223700340067DD5C /* ExhaustiveSearch.swift */ = {isa = PBXFileReference; lastKnownFileType = sourcecode.swift; path = ExhaustiveSearch.swift; sourceTree = "<group>"; };
		2EEA40492237059B0067DD5C /* PrintDecimal.swift */ = {isa = PBXFileReference; lastKnownFileType = sourcecode.swift; path = PrintDecimal.swift; sourceTree = "<group>"; };
		2EEA404B223707790067DD5C /* Permutation.swift */ = {isa = PBXFileReference; lastKnownFileType = sourcecode.swift; path = Permutation.swift; sourceTree = "<group>"; };
		2EEA404D22374CAC0067DD5C /* JustPrint.swift */ = {isa = PBXFileReference; lastKnownFileType = sourcecode.swift; path = JustPrint.swift; sourceTree = "<group>"; };
		2EEB99EA22331C39005D6BEF /* Study */ = {isa = PBXFileReference; explicitFileType = "compiled.mach-o.executable"; includeInIndex = 0; path = Study; sourceTree = BUILT_PRODUCTS_DIR; };
		2EEB99ED22331C39005D6BEF /* main.swift */ = {isa = PBXFileReference; lastKnownFileType = sourcecode.swift; path = main.swift; sourceTree = "<group>"; };
		2EEB99F422332FC7005D6BEF /* PrintBinary.swift */ = {isa = PBXFileReference; lastKnownFileType = sourcecode.swift; path = PrintBinary.swift; sourceTree = "<group>"; };
		2EEB99F622333000005D6BEF /* IsPalindrome.swift */ = {isa = PBXFileReference; lastKnownFileType = sourcecode.swift; path = IsPalindrome.swift; sourceTree = "<group>"; };
		2EEB99F82233301A005D6BEF /* Power.swift */ = {isa = PBXFileReference; lastKnownFileType = sourcecode.swift; path = Power.swift; sourceTree = "<group>"; };
		2EEB99FA223336BF005D6BEF /* File.txt */ = {isa = PBXFileReference; lastKnownFileType = text; path = File.txt; sourceTree = "<group>"; };
		2EEB99FB223337FE005D6BEF /* ReverseLine.swift */ = {isa = PBXFileReference; lastKnownFileType = sourcecode.swift; path = ReverseLine.swift; sourceTree = "<group>"; };
/* End PBXFileReference section */

/* Begin PBXFrameworksBuildPhase section */
		2EEB99E722331C39005D6BEF /* Frameworks */ = {
			isa = PBXFrameworksBuildPhase;
			buildActionMask = 2147483647;
			files = (
			);
			runOnlyForDeploymentPostprocessing = 0;
		};
/* End PBXFrameworksBuildPhase section */

/* Begin PBXGroup section */
		2EEB99E122331C39005D6BEF = {
			isa = PBXGroup;
			children = (
				2EEB99EC22331C39005D6BEF /* Study */,
				2EEB99EB22331C39005D6BEF /* Products */,
			);
			sourceTree = "<group>";
		};
		2EEB99EB22331C39005D6BEF /* Products */ = {
			isa = PBXGroup;
			children = (
				2EEB99EA22331C39005D6BEF /* Study */,
			);
			name = Products;
			sourceTree = "<group>";
		};
		2EEB99EC22331C39005D6BEF /* Study */ = {
			isa = PBXGroup;
			children = (
				2EEA40452236FF5B0067DD5C /* String+DPStringTool.swift */,
				2EBD44F02240857C0024F301 /* Board.swift */,
				2EBD44F2224086820024F301 /* QueensSolver.swift */,
				2EEB99ED22331C39005D6BEF /* main.swift */,
				2EEB99F82233301A005D6BEF /* Power.swift */,
				2EEB99F622333000005D6BEF /* IsPalindrome.swift */,
				2EEB99F422332FC7005D6BEF /* PrintBinary.swift */,
				2EEB99FB223337FE005D6BEF /* ReverseLine.swift */,
				2EEA4047223700340067DD5C /* ExhaustiveSearch.swift */,
				2EEA40492237059B0067DD5C /* PrintDecimal.swift */,
				2EEA404B223707790067DD5C /* Permutation.swift */,
				2EEA40432236F9E70067DD5C /* Evaluate.swift */,
				2EEA404D22374CAC0067DD5C /* JustPrint.swift */,
				2E25256022384E4300BBC045 /* Search.swift */,
				2E2525622238508400BBC045 /* Sortings.swift */,
				2E9B782D223C469400BD2CAF /* Loto.swift */,
				2E9B782F223C5C3600BD2CAF /* RemoteControl.swift */,
				2EEB99FA223336BF005D6BEF /* File.txt */,
			);
			path = Study;
			sourceTree = "<group>";
		};
/* End PBXGroup section */

/* Begin PBXNativeTarget section */
		2EEB99E922331C39005D6BEF /* Study */ = {
			isa = PBXNativeTarget;
			buildConfigurationList = 2EEB99F122331C39005D6BEF /* Build configuration list for PBXNativeTarget "Study" */;
			buildPhases = (
				2EEB99E622331C39005D6BEF /* Sources */,
				2EEB99E722331C39005D6BEF /* Frameworks */,
				2EEB99E822331C39005D6BEF /* CopyFiles */,
			);
			buildRules = (
			);
			dependencies = (
			);
			name = Study;
			productName = Study;
			productReference = 2EEB99EA22331C39005D6BEF /* Study */;
			productType = "com.apple.product-type.tool";
		};
/* End PBXNativeTarget section */

/* Begin PBXProject section */
		2EEB99E222331C39005D6BEF /* Project object */ = {
			isa = PBXProject;
			attributes = {
				LastSwiftUpdateCheck = 1010;
				LastUpgradeCheck = 1010;
				ORGANIZATIONNAME = "Paulo Schmidt";
				TargetAttributes = {
					2EEB99E922331C39005D6BEF = {
						CreatedOnToolsVersion = 10.1;
					};
				};
			};
			buildConfigurationList = 2EEB99E522331C39005D6BEF /* Build configuration list for PBXProject "Study" */;
			compatibilityVersion = "Xcode 9.3";
			developmentRegion = en;
			hasScannedForEncodings = 0;
			knownRegions = (
				en,
			);
			mainGroup = 2EEB99E122331C39005D6BEF;
			productRefGroup = 2EEB99EB22331C39005D6BEF /* Products */;
			projectDirPath = "";
			projectRoot = "";
			targets = (
				2EEB99E922331C39005D6BEF /* Study */,
			);
		};
/* End PBXProject section */

/* Begin PBXSourcesBuildPhase section */
		2EEB99E622331C39005D6BEF /* Sources */ = {
			isa = PBXSourcesBuildPhase;
			buildActionMask = 2147483647;
			files = (
				2E9B782E223C469400BD2CAF /* Loto.swift in Sources */,
				2EEB99F722333000005D6BEF /* IsPalindrome.swift in Sources */,
				2EEA40462236FF5B0067DD5C /* String+DPStringTool.swift in Sources */,
				2EEB99F522332FC7005D6BEF /* PrintBinary.swift in Sources */,
				2EEA40442236F9E70067DD5C /* Evaluate.swift in Sources */,
				2E9B7830223C5C3600BD2CAF /* RemoteControl.swift in Sources */,
				2E2525632238508400BBC045 /* Sortings.swift in Sources */,
				2EEB99EE22331C39005D6BEF /* main.swift in Sources */,
				2EEA404A2237059B0067DD5C /* PrintDecimal.swift in Sources */,
				2EEB99FC223337FE005D6BEF /* ReverseLine.swift in Sources */,
				2EBD44F3224086820024F301 /* QueensSolver.swift in Sources */,
				2EEA4048223700340067DD5C /* ExhaustiveSearch.swift in Sources */,
				2EEA404C223707790067DD5C /* Permutation.swift in Sources */,
				2E25256122384E4300BBC045 /* Search.swift in Sources */,
				2EEB99F92233301A005D6BEF /* Power.swift in Sources */,
				2EBD44F12240857C0024F301 /* Board.swift in Sources */,
				2EEA404E22374CAC0067DD5C /* JustPrint.swift in Sources */,
			);
			runOnlyForDeploymentPostprocessing = 0;
		};
/* End PBXSourcesBuildPhase section */

/* Begin XCBuildConfiguration section */
		2EEB99EF22331C39005D6BEF /* Debug */ = {
			isa = XCBuildConfiguration;
			buildSettings = {
				ALWAYS_SEARCH_USER_PATHS = NO;
				CLANG_ANALYZER_NONNULL = YES;
				CLANG_ANALYZER_NUMBER_OBJECT_CONVERSION = YES_AGGRESSIVE;
				CLANG_CXX_LANGUAGE_STANDARD = "gnu++14";
				CLANG_CXX_LIBRARY = "libc++";
				CLANG_ENABLE_MODULES = YES;
				CLANG_ENABLE_OBJC_ARC = YES;
				CLANG_ENABLE_OBJC_WEAK = YES;
				CLANG_WARN_BLOCK_CAPTURE_AUTORELEASING = YES;
				CLANG_WARN_BOOL_CONVERSION = YES;
				CLANG_WARN_COMMA = YES;
				CLANG_WARN_CONSTANT_CONVERSION = YES;
				CLANG_WARN_DEPRECATED_OBJC_IMPLEMENTATIONS = YES;
				CLANG_WARN_DIRECT_OBJC_ISA_USAGE = YES_ERROR;
				CLANG_WARN_DOCUMENTATION_COMMENTS = YES;
				CLANG_WARN_EMPTY_BODY = YES;
				CLANG_WARN_ENUM_CONVERSION = YES;
				CLANG_WARN_INFINITE_RECURSION = YES;
				CLANG_WARN_INT_CONVERSION = YES;
				CLANG_WARN_NON_LITERAL_NULL_CONVERSION = YES;
				CLANG_WARN_OBJC_IMPLICIT_RETAIN_SELF = YES;
				CLANG_WARN_OBJC_LITERAL_CONVERSION = YES;
				CLANG_WARN_OBJC_ROOT_CLASS = YES_ERROR;
				CLANG_WARN_RANGE_LOOP_ANALYSIS = YES;
				CLANG_WARN_STRICT_PROTOTYPES = YES;
				CLANG_WARN_SUSPICIOUS_MOVE = YES;
				CLANG_WARN_UNGUARDED_AVAILABILITY = YES_AGGRESSIVE;
				CLANG_WARN_UNREACHABLE_CODE = YES;
				CLANG_WARN__DUPLICATE_METHOD_MATCH = YES;
				CODE_SIGN_IDENTITY = "-";
				COPY_PHASE_STRIP = NO;
				DEBUG_INFORMATION_FORMAT = dwarf;
				ENABLE_STRICT_OBJC_MSGSEND = YES;
				ENABLE_TESTABILITY = YES;
				GCC_C_LANGUAGE_STANDARD = gnu11;
				GCC_DYNAMIC_NO_PIC = NO;
				GCC_NO_COMMON_BLOCKS = YES;
				GCC_OPTIMIZATION_LEVEL = 0;
				GCC_PREPROCESSOR_DEFINITIONS = (
					"DEBUG=1",
					"$(inherited)",
				);
				GCC_WARN_64_TO_32_BIT_CONVERSION = YES;
				GCC_WARN_ABOUT_RETURN_TYPE = YES_ERROR;
				GCC_WARN_UNDECLARED_SELECTOR = YES;
				GCC_WARN_UNINITIALIZED_AUTOS = YES_AGGRESSIVE;
				GCC_WARN_UNUSED_FUNCTION = YES;
				GCC_WARN_UNUSED_VARIABLE = YES;
				MACOSX_DEPLOYMENT_TARGET = 10.14;
				MTL_ENABLE_DEBUG_INFO = INCLUDE_SOURCE;
				MTL_FAST_MATH = YES;
				ONLY_ACTIVE_ARCH = YES;
				SDKROOT = macosx;
				SWIFT_ACTIVE_COMPILATION_CONDITIONS = DEBUG;
				SWIFT_OPTIMIZATION_LEVEL = "-Onone";
			};
			name = Debug;
		};
		2EEB99F022331C39005D6BEF /* Release */ = {
			isa = XCBuildConfiguration;
			buildSettings = {
				ALWAYS_SEARCH_USER_PATHS = NO;
				CLANG_ANALYZER_NONNULL = YES;
				CLANG_ANALYZER_NUMBER_OBJECT_CONVERSION = YES_AGGRESSIVE;
				CLANG_CXX_LANGUAGE_STANDARD = "gnu++14";
				CLANG_CXX_LIBRARY = "libc++";
				CLANG_ENABLE_MODULES = YES;
				CLANG_ENABLE_OBJC_ARC = YES;
				CLANG_ENABLE_OBJC_WEAK = YES;
				CLANG_WARN_BLOCK_CAPTURE_AUTORELEASING = YES;
				CLANG_WARN_BOOL_CONVERSION = YES;
				CLANG_WARN_COMMA = YES;
				CLANG_WARN_CONSTANT_CONVERSION = YES;
				CLANG_WARN_DEPRECATED_OBJC_IMPLEMENTATIONS = YES;
				CLANG_WARN_DIRECT_OBJC_ISA_USAGE = YES_ERROR;
				CLANG_WARN_DOCUMENTATION_COMMENTS = YES;
				CLANG_WARN_EMPTY_BODY = YES;
				CLANG_WARN_ENUM_CONVERSION = YES;
				CLANG_WARN_INFINITE_RECURSION = YES;
				CLANG_WARN_INT_CONVERSION = YES;
				CLANG_WARN_NON_LITERAL_NULL_CONVERSION = YES;
				CLANG_WARN_OBJC_IMPLICIT_RETAIN_SELF = YES;
				CLANG_WARN_OBJC_LITERAL_CONVERSION = YES;
				CLANG_WARN_OBJC_ROOT_CLASS = YES_ERROR;
				CLANG_WARN_RANGE_LOOP_ANALYSIS = YES;
				CLANG_WARN_STRICT_PROTOTYPES = YES;
				CLANG_WARN_SUSPICIOUS_MOVE = YES;
				CLANG_WARN_UNGUARDED_AVAILABILITY = YES_AGGRESSIVE;
				CLANG_WARN_UNREACHABLE_CODE = YES;
				CLANG_WARN__DUPLICATE_METHOD_MATCH = YES;
				CODE_SIGN_IDENTITY = "-";
				COPY_PHASE_STRIP = NO;
				DEBUG_INFORMATION_FORMAT = "dwarf-with-dsym";
				ENABLE_NS_ASSERTIONS = NO;
				ENABLE_STRICT_OBJC_MSGSEND = YES;
				GCC_C_LANGUAGE_STANDARD = gnu11;
				GCC_NO_COMMON_BLOCKS = YES;
				GCC_WARN_64_TO_32_BIT_CONVERSION = YES;
				GCC_WARN_ABOUT_RETURN_TYPE = YES_ERROR;
				GCC_WARN_UNDECLARED_SELECTOR = YES;
				GCC_WARN_UNINITIALIZED_AUTOS = YES_AGGRESSIVE;
				GCC_WARN_UNUSED_FUNCTION = YES;
				GCC_WARN_UNUSED_VARIABLE = YES;
				MACOSX_DEPLOYMENT_TARGET = 10.14;
				MTL_ENABLE_DEBUG_INFO = NO;
				MTL_FAST_MATH = YES;
				SDKROOT = macosx;
				SWIFT_COMPILATION_MODE = wholemodule;
				SWIFT_OPTIMIZATION_LEVEL = "-O";
			};
			name = Release;
		};
		2EEB99F222331C39005D6BEF /* Debug */ = {
			isa = XCBuildConfiguration;
			buildSettings = {
				CODE_SIGN_STYLE = Automatic;
				PRODUCT_NAME = "$(TARGET_NAME)";
				SWIFT_VERSION = 4.2;
			};
			name = Debug;
		};
		2EEB99F322331C39005D6BEF /* Release */ = {
			isa = XCBuildConfiguration;
			buildSettings = {
				CODE_SIGN_STYLE = Automatic;
				PRODUCT_NAME = "$(TARGET_NAME)";
				SWIFT_VERSION = 4.2;
			};
			name = Release;
		};
/* End XCBuildConfiguration section */

/* Begin XCConfigurationList section */
		2EEB99E522331C39005D6BEF /* Build configuration list for PBXProject "Study" */ = {
			isa = XCConfigurationList;
			buildConfigurations = (
				2EEB99EF22331C39005D6BEF /* Debug */,
				2EEB99F022331C39005D6BEF /* Release */,
			);
			defaultConfigurationIsVisible = 0;
			defaultConfigurationName = Release;
		};
		2EEB99F122331C39005D6BEF /* Build configuration list for PBXNativeTarget "Study" */ = {
			isa = XCConfigurationList;
			buildConfigurations = (
				2EEB99F222331C39005D6BEF /* Debug */,
				2EEB99F322331C39005D6BEF /* Release */,
			);
			defaultConfigurationIsVisible = 0;
			defaultConfigurationName = Release;
		};
/* End XCConfigurationList section */
	};
	rootObject = 2EEB99E222331C39005D6BEF /* Project object */;
}
